
Microsoft Visual Studio Solution File, Format Version 12.00
# Visual Studio Version 17
VisualStudioVersion = 17.5.002.0
MinimumVisualStudioVersion = 10.0.40219.1
Project("{9A19103F-16F7-4668-BE54-9A1E7A4F7556}") = "GenUuid", "GenUuid.csproj", "{E9B086F8-8973-42CE-9AA5-7153184DD1BA}"
EndProject
Global
	GlobalSection(SolutionConfigurationPlatforms) = preSolution
		Debug|Any CPU = Debug|Any CPU
		Release|Any CPU = Release|Any CPU
	EndGlobalSection
	GlobalSection(ProjectConfigurationPlatforms) = postSolution
		{E9B086F8-8973-42CE-9AA5-7153184DD1BA}.Debug|Any CPU.ActiveCfg = Debug|Any CPU
		{E9B086F8-8973-42CE-9AA5-7153184DD1BA}.Debug|Any CPU.Build.0 = Debug|Any CPU
		{E9B086F8-8973-42CE-9AA5-7153184DD1BA}.Release|Any CPU.ActiveCfg = Release|Any CPU
		{E9B086F8-8973-42CE-9AA5-7153184DD1BA}.Release|Any CPU.Build.0 = Release|Any CPU
	EndGlobalSection
	GlobalSection(SolutionProperties) = preSolution
		HideSolutionNode = FALSE
	EndGlobalSection
	GlobalSection(ExtensibilityGlobals) = postSolution
		SolutionGuid = {C74BCFF1-51B4-43F1-9A85-C08A52D01B00}
	EndGlobalSection
EndGlobal
